// !$*UTF8*$!
{
	archiveVersion = 1;
	classes = {
	};
	objectVersion = 50;
	objects = {

/* Begin PBXBuildFile section */
		CE7A0A1025A4217B000B133A /* AppDelegate.swift in Sources */ = {isa = PBXBuildFile; fileRef = CE7A0A0F25A4217B000B133A /* AppDelegate.swift */; };
		CE7A0A1225A4217B000B133A /* SceneDelegate.swift in Sources */ = {isa = PBXBuildFile; fileRef = CE7A0A1125A4217B000B133A /* SceneDelegate.swift */; };
		CE7A0A1425A4217B000B133A /* ViewController.swift in Sources */ = {isa = PBXBuildFile; fileRef = CE7A0A1325A4217B000B133A /* ViewController.swift */; };
		CE7A0A1725A4217B000B133A /* Main.storyboard in Resources */ = {isa = PBXBuildFile; fileRef = CE7A0A1525A4217B000B133A /* Main.storyboard */; };
		CE7A0A1925A4217E000B133A /* Assets.xcassets in Resources */ = {isa = PBXBuildFile; fileRef = CE7A0A1825A4217E000B133A /* Assets.xcassets */; };
		CE7A0A1C25A4217E000B133A /* LaunchScreen.storyboard in Resources */ = {isa = PBXBuildFile; fileRef = CE7A0A1A25A4217E000B133A /* LaunchScreen.storyboard */; };
		CE7A0A2825A42280000B133A /* backg.jpg in Resources */ = {isa = PBXBuildFile; fileRef = CE7A0A2725A42280000B133A /* backg.jpg */; };
/* End PBXBuildFile section */

/* Begin PBXFileReference section */
		CE7A0A0C25A4217B000B133A /* FlightBooking.app */ = {isa = PBXFileReference; explicitFileType = wrapper.application; includeInIndex = 0; path = FlightBooking.app; sourceTree = BUILT_PRODUCTS_DIR; };
		CE7A0A0F25A4217B000B133A /* AppDelegate.swift */ = {isa = PBXFileReference; lastKnownFileType = sourcecode.swift; path = AppDelegate.swift; sourceTree = "<group>"; };
		CE7A0A1125A4217B000B133A /* SceneDelegate.swift */ = {isa = PBXFileReference; lastKnownFileType = sourcecode.swift; path = SceneDelegate.swift; sourceTree = "<group>"; };
		CE7A0A1325A4217B000B133A /* ViewController.swift */ = {isa = PBXFileReference; lastKnownFileType = sourcecode.swift; path = ViewController.swift; sourceTree = "<group>"; };
		CE7A0A1625A4217B000B133A /* Base */ = {isa = PBXFileReference; lastKnownFileType = file.storyboard; name = Base; path = Base.lproj/Main.storyboard; sourceTree = "<group>"; };
		CE7A0A1825A4217E000B133A /* Assets.xcassets */ = {isa = PBXFileReference; lastKnownFileType = folder.assetcatalog; path = Assets.xcassets; sourceTree = "<group>"; };
		CE7A0A1B25A4217E000B133A /* Base */ = {isa = PBXFileReference; lastKnownFileType = file.storyboard; name = Base; path = Base.lproj/LaunchScreen.storyboard; sourceTree = "<group>"; };
		CE7A0A1D25A4217E000B133A /* Info.plist */ = {isa = PBXFileReference; lastKnownFileType = text.plist.xml; path = Info.plist; sourceTree = "<group>"; };
		CE7A0A2725A42280000B133A /* backg.jpg */ = {isa = PBXFileReference; lastKnownFileType = image.jpeg; name = backg.jpg; path = ../../../Downloads/backg.jpg; sourceTree = "<group>"; };
/* End PBXFileReference section */

/* Begin PBXFrameworksBuildPhase section */
		CE7A0A0925A4217B000B133A /* Frameworks */ = {
			isa = PBXFrameworksBuildPhase;
			buildActionMask = 2147483647;
			files = (
			);
			runOnlyForDeploymentPostprocessing = 0;
		};
/* End PBXFrameworksBuildPhase section */

/* Begin PBXGroup section */
		CE7A0A0325A4217B000B133A = {
			isa = PBXGroup;
			children = (
				CE7A0A0E25A4217B000B133A /* FlightBooking */,
				CE7A0A0D25A4217B000B133A /* Products */,
			);
			sourceTree = "<group>";
		};
		CE7A0A0D25A4217B000B133A /* Products */ = {
			isa = PBXGroup;
			children = (
				CE7A0A0C25A4217B000B133A /* FlightBooking.app */,
			);
			name = Products;
			sourceTree = "<group>";
		};
		CE7A0A0E25A4217B000B133A /* FlightBooking */ = {
			isa = PBXGroup;
			children = (
				CE7A0A2725A42280000B133A /* backg.jpg */,
				CE7A0A0F25A4217B000B133A /* AppDelegate.swift */,
				CE7A0A1125A4217B000B133A /* SceneDelegate.swift */,
				CE7A0A1325A4217B000B133A /* ViewController.swift */,
				CE7A0A1525A4217B000B133A /* Main.storyboard */,
				CE7A0A1825A4217E000B133A /* Assets.xcassets */,
				CE7A0A1A25A4217E000B133A /* LaunchScreen.storyboard */,
				CE7A0A1D25A4217E000B133A /* Info.plist */,
			);
			path = FlightBooking;
			sourceTree = "<group>";
		};
/* End PBXGroup section */

/* Begin PBXNativeTarget section */
		CE7A0A0B25A4217B000B133A /* FlightBooking */ = {
			isa = PBXNativeTarget;
			buildConfigurationList = CE7A0A2025A4217E000B133A /* Build configuration list for PBXNativeTarget "FlightBooking" */;
			buildPhases = (
				CE7A0A0825A4217B000B133A /* Sources */,
				CE7A0A0925A4217B000B133A /* Frameworks */,
				CE7A0A0A25A4217B000B133A /* Resources */,
			);
			buildRules = (
			);
			dependencies = (
			);
			name = FlightBooking;
			productName = FlightBooking;
			productReference = CE7A0A0C25A4217B000B133A /* FlightBooking.app */;
			productType = "com.apple.product-type.application";
		};
/* End PBXNativeTarget section */

/* Begin PBXProject section */
		CE7A0A0425A4217B000B133A /* Project object */ = {
			isa = PBXProject;
			attributes = {
				LastSwiftUpdateCheck = 1200;
				LastUpgradeCheck = 1200;
				TargetAttributes = {
					CE7A0A0B25A4217B000B133A = {
						CreatedOnToolsVersion = 12.0;
					};
				};
			};
			buildConfigurationList = CE7A0A0725A4217B000B133A /* Build configuration list for PBXProject "FlightBooking" */;
			compatibilityVersion = "Xcode 9.3";
			developmentRegion = en;
			hasScannedForEncodings = 0;
			knownRegions = (
				en,
				Base,
			);
			mainGroup = CE7A0A0325A4217B000B133A;
			productRefGroup = CE7A0A0D25A4217B000B133A /* Products */;
			projectDirPath = "";
			projectRoot = "";
			targets = (
				CE7A0A0B25A4217B000B133A /* FlightBooking */,
			);
		};
/* End PBXProject section */

/* Begin PBXResourcesBuildPhase section */
		CE7A0A0A25A4217B000B133A /* Resources */ = {
			isa = PBXResourcesBuildPhase;
			buildActionMask = 2147483647;
			files = (
				CE7A0A1C25A4217E000B133A /* LaunchScreen.storyboard in Resources */,
				CE7A0A1925A4217E000B133A /* Assets.xcassets in Resources */,
				CE7A0A2825A42280000B133A /* backg.jpg in Resources */,
				CE7A0A1725A4217B000B133A /* Main.storyboard in Resources */,
			);
			runOnlyForDeploymentPostprocessing = 0;
		};
/* End PBXResourcesBuildPhase section */

/* Begin PBXSourcesBuildPhase section */
		CE7A0A0825A4217B000B133A /* Sources */ = {
			isa = PBXSourcesBuildPhase;
			buildActionMask = 2147483647;
			files = (
				CE7A0A1425A4217B000B133A /* ViewController.swift in Sources */,
				CE7A0A1025A4217B000B133A /* AppDelegate.swift in Sources */,
				CE7A0A1225A4217B000B133A /* SceneDelegate.swift in Sources */,
			);
			runOnlyForDeploymentPostprocessing = 0;
		};
/* End PBXSourcesBuildPhase section */

/* Begin PBXVariantGroup section */
		CE7A0A1525A4217B000B133A /* Main.storyboard */ = {
			isa = PBXVariantGroup;
			children = (
				CE7A0A1625A4217B000B133A /* Base */,
			);
			name = Main.storyboard;
			sourceTree = "<group>";
		};
		CE7A0A1A25A4217E000B133A /* LaunchScreen.storyboard */ = {
			isa = PBXVariantGroup;
			children = (
				CE7A0A1B25A4217E000B133A /* Base */,
			);
			name = LaunchScreen.storyboard;
			sourceTree = "<group>";
		};
/* End PBXVariantGroup section */

/* Begin XCBuildConfiguration section */
		CE7A0A1E25A4217E000B133A /* Debug */ = {
			isa = XCBuildConfiguration;
			buildSettings = {
				ALWAYS_SEARCH_USER_PATHS = NO;
				CLANG_ANALYZER_NONNULL = YES;
				CLANG_ANALYZER_NUMBER_OBJECT_CONVERSION = YES_AGGRESSIVE;
				CLANG_CXX_LANGUAGE_STANDARD = "gnu++14";
				CLANG_CXX_LIBRARY = "libc++";
				CLANG_ENABLE_MODULES = YES;
				CLANG_ENABLE_OBJC_ARC = YES;
				CLANG_ENABLE_OBJC_WEAK = YES;
				CLANG_WARN_BLOCK_CAPTURE_AUTORELEASING = YES;
				CLANG_WARN_BOOL_CONVERSION = YES;
				CLANG_WARN_COMMA = YES;
				CLANG_WARN_CONSTANT_CONVERSION = YES;
				CLANG_WARN_DEPRECATED_OBJC_IMPLEMENTATIONS = YES;
				CLANG_WARN_DIRECT_OBJC_ISA_USAGE = YES_ERROR;
				CLANG_WARN_DOCUMENTATION_COMMENTS = YES;
				CLANG_WARN_EMPTY_BODY = YES;
				CLANG_WARN_ENUM_CONVERSION = YES;
				CLANG_WARN_INFINITE_RECURSION = YES;
				CLANG_WARN_INT_CONVERSION = YES;
				CLANG_WARN_NON_LITERAL_NULL_CONVERSION = YES;
				CLANG_WARN_OBJC_IMPLICIT_RETAIN_SELF = YES;
				CLANG_WARN_OBJC_LITERAL_CONVERSION = YES;
				CLANG_WARN_OBJC_ROOT_CLASS = YES_ERROR;
				CLANG_WARN_QUOTED_INCLUDE_IN_FRAMEWORK_HEADER = YES;
				CLANG_WARN_RANGE_LOOP_ANALYSIS = YES;
				CLANG_WARN_STRICT_PROTOTYPES = YES;
				CLANG_WARN_SUSPICIOUS_MOVE = YES;
				CLANG_WARN_UNGUARDED_AVAILABILITY = YES_AGGRESSIVE;
				CLANG_WARN_UNREACHABLE_CODE = YES;
				CLANG_WARN__DUPLICATE_METHOD_MATCH = YES;
				COPY_PHASE_STRIP = NO;
				DEBUG_INFORMATION_FORMAT = dwarf;
				ENABLE_STRICT_OBJC_MSGSEND = YES;
				ENABLE_TESTABILITY = YES;
				GCC_C_LANGUAGE_STANDARD = gnu11;
				GCC_DYNAMIC_NO_PIC = NO;
				GCC_NO_COMMON_BLOCKS = YES;
				GCC_OPTIMIZATION_LEVEL = 0;
				GCC_PREPROCESSOR_DEFINITIONS = (
					"DEBUG=1",
					"$(inherited)",
				);
				GCC_WARN_64_TO_32_BIT_CONVERSION = YES;
				GCC_WARN_ABOUT_RETURN_TYPE = YES_ERROR;
				GCC_WARN_UNDECLARED_SELECTOR = YES;
				GCC_WARN_UNINITIALIZED_AUTOS = YES_AGGRESSIVE;
				GCC_WARN_UNUSED_FUNCTION = YES;
				GCC_WARN_UNUSED_VARIABLE = YES;
				IPHONEOS_DEPLOYMENT_TARGET = 14.0;
				MTL_ENABLE_DEBUG_INFO = INCLUDE_SOURCE;
				MTL_FAST_MATH = YES;
				ONLY_ACTIVE_ARCH = YES;
				SDKROOT = iphoneos;
				SWIFT_ACTIVE_COMPILATION_CONDITIONS = DEBUG;
				SWIFT_OPTIMIZATION_LEVEL = "-Onone";
			};
			name = Debug;
		};
		CE7A0A1F25A4217E000B133A /* Release */ = {
			isa = XCBuildConfiguration;
			buildSettings = {
				ALWAYS_SEARCH_USER_PATHS = NO;
				CLANG_ANALYZER_NONNULL = YES;
				CLANG_ANALYZER_NUMBER_OBJECT_CONVERSION = YES_AGGRESSIVE;
				CLANG_CXX_LANGUAGE_STANDARD = "gnu++14";
				CLANG_CXX_LIBRARY = "libc++";
				CLANG_ENABLE_MODULES = YES;
				CLANG_ENABLE_OBJC_ARC = YES;
				CLANG_ENABLE_OBJC_WEAK = YES;
				CLANG_WARN_BLOCK_CAPTURE_AUTORELEASING = YES;
				CLANG_WARN_BOOL_CONVERSION = YES;
				CLANG_WARN_COMMA = YES;
				CLANG_WARN_CONSTANT_CONVERSION = YES;
				CLANG_WARN_DEPRECATED_OBJC_IMPLEMENTATIONS = YES;
				CLANG_WARN_DIRECT_OBJC_ISA_USAGE = YES_ERROR;
				CLANG_WARN_DOCUMENTATION_COMMENTS = YES;
				CLANG_WARN_EMPTY_BODY = YES;
				CLANG_WARN_ENUM_CONVERSION = YES;
				CLANG_WARN_INFINITE_RECURSION = YES;
				CLANG_WARN_INT_CONVERSION = YES;
				CLANG_WARN_NON_LITERAL_NULL_CONVERSION = YES;
				CLANG_WARN_OBJC_IMPLICIT_RETAIN_SELF = YES;
				CLANG_WARN_OBJC_LITERAL_CONVERSION = YES;
				CLANG_WARN_OBJC_ROOT_CLASS = YES_ERROR;
				CLANG_WARN_QUOTED_INCLUDE_IN_FRAMEWORK_HEADER = YES;
				CLANG_WARN_RANGE_LOOP_ANALYSIS = YES;
				CLANG_WARN_STRICT_PROTOTYPES = YES;
				CLANG_WARN_SUSPICIOUS_MOVE = YES;
				CLANG_WARN_UNGUARDED_AVAILABILITY = YES_AGGRESSIVE;
				CLANG_WARN_UNREACHABLE_CODE = YES;
				CLANG_WARN__DUPLICATE_METHOD_MATCH = YES;
				COPY_PHASE_STRIP = NO;
				DEBUG_INFORMATION_FORMAT = "dwarf-with-dsym";
				ENABLE_NS_ASSERTIONS = NO;
				ENABLE_STRICT_OBJC_MSGSEND = YES;
				GCC_C_LANGUAGE_STANDARD = gnu11;
				GCC_NO_COMMON_BLOCKS = YES;
				GCC_WARN_64_TO_32_BIT_CONVERSION = YES;
				GCC_WARN_ABOUT_RETURN_TYPE = YES_ERROR;
				GCC_WARN_UNDECLARED_SELECTOR = YES;
				GCC_WARN_UNINITIALIZED_AUTOS = YES_AGGRESSIVE;
				GCC_WARN_UNUSED_FUNCTION = YES;
				GCC_WARN_UNUSED_VARIABLE = YES;
				IPHONEOS_DEPLOYMENT_TARGET = 14.0;
				MTL_ENABLE_DEBUG_INFO = NO;
				MTL_FAST_MATH = YES;
				SDKROOT = iphoneos;
				SWIFT_COMPILATION_MODE = wholemodule;
				SWIFT_OPTIMIZATION_LEVEL = "-O";
				VALIDATE_PRODUCT = YES;
			};
			name = Release;
		};
		CE7A0A2125A4217E000B133A /* Debug */ = {
			isa = XCBuildConfiguration;
			buildSettings = {
				ASSETCATALOG_COMPILER_APPICON_NAME = AppIcon;
				ASSETCATALOG_COMPILER_GLOBAL_ACCENT_COLOR_NAME = AccentColor;
				CODE_SIGN_STYLE = Automatic;
				INFOPLIST_FILE = FlightBooking/Info.plist;
				LD_RUNPATH_SEARCH_PATHS = (
					"$(inherited)",
					"@executable_path/Frameworks",
				);
				PRODUCT_BUNDLE_IDENTIFIER = com.FlightBooking;
				PRODUCT_NAME = "$(TARGET_NAME)";
				SWIFT_VERSION = 5.0;
				TARGETED_DEVICE_FAMILY = "1,2";
			};
			name = Debug;
		};
		CE7A0A2225A4217E000B133A /* Release */ = {
			isa = XCBuildConfiguration;
			buildSettings = {
				ASSETCATALOG_COMPILER_APPICON_NAME = AppIcon;
				ASSETCATALOG_COMPILER_GLOBAL_ACCENT_COLOR_NAME = AccentColor;
				CODE_SIGN_STYLE = Automatic;
				INFOPLIST_FILE = FlightBooking/Info.plist;
				LD_RUNPATH_SEARCH_PATHS = (
					"$(inherited)",
					"@executable_path/Frameworks",
				);
				PRODUCT_BUNDLE_IDENTIFIER = com.FlightBooking;
				PRODUCT_NAME = "$(TARGET_NAME)";
				SWIFT_VERSION = 5.0;
				TARGETED_DEVICE_FAMILY = "1,2";
			};
			name = Release;
		};
/* End XCBuildConfiguration section */

/* Begin XCConfigurationList section */
		CE7A0A0725A4217B000B133A /* Build configuration list for PBXProject "FlightBooking" */ = {
			isa = XCConfigurationList;
			buildConfigurations = (
				CE7A0A1E25A4217E000B133A /* Debug */,
				CE7A0A1F25A4217E000B133A /* Release */,
			);
			defaultConfigurationIsVisible = 0;
			defaultConfigurationName = Release;
		};
		CE7A0A2025A4217E000B133A /* Build configuration list for PBXNativeTarget "FlightBooking" */ = {
			isa = XCConfigurationList;
			buildConfigurations = (
				CE7A0A2125A4217E000B133A /* Debug */,
				CE7A0A2225A4217E000B133A /* Release */,
			);
			defaultConfigurationIsVisible = 0;
			defaultConfigurationName = Release;
		};
/* End XCConfigurationList section */
	};
	rootObject = CE7A0A0425A4217B000B133A /* Project object */;
}
